
Microsoft Visual Studio Solution File, Format Version 12.00
# Visual Studio Version 17
VisualStudioVersion = 17.7.34009.444
MinimumVisualStudioVersion = 10.0.40219.1
Project("{C9674DCB-5085-4A16-B785-4C70DD1589BD}") = "Reccomendation System ETL Phase 1", "Reccomendation System ETL Phase 1\Reccomendation System ETL Phase 1.dtproj", "{03FA1613-9DF7-4639-A9DD-CAFE8AD0AE31}"
EndProject
Global
	GlobalSection(SolutionConfigurationPlatforms) = preSolution
		Development|Default = Development|Default
	EndGlobalSection
	GlobalSection(ProjectConfigurationPlatforms) = postSolution
		{03FA1613-9DF7-4639-A9DD-CAFE8AD0AE31}.Development|Default.ActiveCfg = Development
		{03FA1613-9DF7-4639-A9DD-CAFE8AD0AE31}.Development|Default.Build.0 = Development
	EndGlobalSection
	GlobalSection(SolutionProperties) = preSolution
		HideSolutionNode = FALSE
	EndGlobalSection
	GlobalSection(ExtensibilityGlobals) = postSolution
		SolutionGuid = {DFAD5721-D596-4133-BBBC-916E917E1860}
	EndGlobalSection
EndGlobal
